// !$*UTF8*$!
{
	archiveVersion = 1;
	classes = {
	};
	objectVersion = 56;
	objects = {

/* Begin PBXBuildFile section */
		CDF3E3042BB232CD00FDA0D8 /* ToDoList_SwiftUIApp.swift in Sources */ = {isa = PBXBuildFile; fileRef = CDF3E3032BB232CD00FDA0D8 /* ToDoList_SwiftUIApp.swift */; };
		CDF3E3062BB232CD00FDA0D8 /* ListView.swift in Sources */ = {isa = PBXBuildFile; fileRef = CDF3E3052BB232CD00FDA0D8 /* ListView.swift */; };
		CDF3E3082BB232CF00FDA0D8 /* Assets.xcassets in Resources */ = {isa = PBXBuildFile; fileRef = CDF3E3072BB232CF00FDA0D8 /* Assets.xcassets */; };
		CDF3E30B2BB232CF00FDA0D8 /* Preview Assets.xcassets in Resources */ = {isa = PBXBuildFile; fileRef = CDF3E30A2BB232CF00FDA0D8 /* Preview Assets.xcassets */; };
		CDF3E3152BB2368300FDA0D8 /* ListRowView.swift in Sources */ = {isa = PBXBuildFile; fileRef = CDF3E3142BB2368300FDA0D8 /* ListRowView.swift */; };
		CDF3E3172BB23B4400FDA0D8 /* AddView.swift in Sources */ = {isa = PBXBuildFile; fileRef = CDF3E3162BB23B4400FDA0D8 /* AddView.swift */; };
		CDF3E31A2BB244EE00FDA0D8 /* DataModel.xcdatamodeld in Sources */ = {isa = PBXBuildFile; fileRef = CDF3E3182BB244EE00FDA0D8 /* DataModel.xcdatamodeld */; };
		CDF3E31C2BB245B900FDA0D8 /* ListViewModel.swift in Sources */ = {isa = PBXBuildFile; fileRef = CDF3E31B2BB245B900FDA0D8 /* ListViewModel.swift */; };
		CDF3E31E2BB245D500FDA0D8 /* DataManager.swift in Sources */ = {isa = PBXBuildFile; fileRef = CDF3E31D2BB245D500FDA0D8 /* DataManager.swift */; };
		CDF3E3202BB4D40100FDA0D8 /* NoItemView.swift in Sources */ = {isa = PBXBuildFile; fileRef = CDF3E31F2BB4D40100FDA0D8 /* NoItemView.swift */; };
/* End PBXBuildFile section */

/* Begin PBXFileReference section */
		CDF3E3002BB232CD00FDA0D8 /* ToDoList-SwiftUI.app */ = {isa = PBXFileReference; explicitFileType = wrapper.application; includeInIndex = 0; path = "ToDoList-SwiftUI.app"; sourceTree = BUILT_PRODUCTS_DIR; };
		CDF3E3032BB232CD00FDA0D8 /* ToDoList_SwiftUIApp.swift */ = {isa = PBXFileReference; lastKnownFileType = sourcecode.swift; path = ToDoList_SwiftUIApp.swift; sourceTree = "<group>"; };
		CDF3E3052BB232CD00FDA0D8 /* ListView.swift */ = {isa = PBXFileReference; lastKnownFileType = sourcecode.swift; path = ListView.swift; sourceTree = "<group>"; };
		CDF3E3072BB232CF00FDA0D8 /* Assets.xcassets */ = {isa = PBXFileReference; lastKnownFileType = folder.assetcatalog; path = Assets.xcassets; sourceTree = "<group>"; };
		CDF3E30A2BB232CF00FDA0D8 /* Preview Assets.xcassets */ = {isa = PBXFileReference; lastKnownFileType = folder.assetcatalog; path = "Preview Assets.xcassets"; sourceTree = "<group>"; };
		CDF3E3142BB2368300FDA0D8 /* ListRowView.swift */ = {isa = PBXFileReference; lastKnownFileType = sourcecode.swift; path = ListRowView.swift; sourceTree = "<group>"; };
		CDF3E3162BB23B4400FDA0D8 /* AddView.swift */ = {isa = PBXFileReference; lastKnownFileType = sourcecode.swift; path = AddView.swift; sourceTree = "<group>"; };
		CDF3E3192BB244EE00FDA0D8 /* DataModel.xcdatamodel */ = {isa = PBXFileReference; lastKnownFileType = wrapper.xcdatamodel; path = DataModel.xcdatamodel; sourceTree = "<group>"; };
		CDF3E31B2BB245B900FDA0D8 /* ListViewModel.swift */ = {isa = PBXFileReference; lastKnownFileType = sourcecode.swift; path = ListViewModel.swift; sourceTree = "<group>"; };
		CDF3E31D2BB245D500FDA0D8 /* DataManager.swift */ = {isa = PBXFileReference; lastKnownFileType = sourcecode.swift; path = DataManager.swift; sourceTree = "<group>"; };
		CDF3E31F2BB4D40100FDA0D8 /* NoItemView.swift */ = {isa = PBXFileReference; lastKnownFileType = sourcecode.swift; path = NoItemView.swift; sourceTree = "<group>"; };
/* End PBXFileReference section */

/* Begin PBXFrameworksBuildPhase section */
		CDF3E2FD2BB232CD00FDA0D8 /* Frameworks */ = {
			isa = PBXFrameworksBuildPhase;
			buildActionMask = 2147483647;
			files = (
			);
			runOnlyForDeploymentPostprocessing = 0;
		};
/* End PBXFrameworksBuildPhase section */

/* Begin PBXGroup section */
		CDF3E2F72BB232CD00FDA0D8 = {
			isa = PBXGroup;
			children = (
				CDF3E3022BB232CD00FDA0D8 /* ToDoList-SwiftUI */,
				CDF3E3012BB232CD00FDA0D8 /* Products */,
			);
			sourceTree = "<group>";
		};
		CDF3E3012BB232CD00FDA0D8 /* Products */ = {
			isa = PBXGroup;
			children = (
				CDF3E3002BB232CD00FDA0D8 /* ToDoList-SwiftUI.app */,
			);
			name = Products;
			sourceTree = "<group>";
		};
		CDF3E3022BB232CD00FDA0D8 /* ToDoList-SwiftUI */ = {
			isa = PBXGroup;
			children = (
				CDF3E3032BB232CD00FDA0D8 /* ToDoList_SwiftUIApp.swift */,
				CDF3E3132BB2342D00FDA0D8 /* ViewModel */,
				CDF3E3122BB2341D00FDA0D8 /* Model */,
				CDF3E3112BB233FE00FDA0D8 /* View */,
				CDF3E3072BB232CF00FDA0D8 /* Assets.xcassets */,
				CDF3E3092BB232CF00FDA0D8 /* Preview Content */,
			);
			path = "ToDoList-SwiftUI";
			sourceTree = "<group>";
		};
		CDF3E3092BB232CF00FDA0D8 /* Preview Content */ = {
			isa = PBXGroup;
			children = (
				CDF3E30A2BB232CF00FDA0D8 /* Preview Assets.xcassets */,
			);
			path = "Preview Content";
			sourceTree = "<group>";
		};
		CDF3E3112BB233FE00FDA0D8 /* View */ = {
			isa = PBXGroup;
			children = (
				CDF3E3052BB232CD00FDA0D8 /* ListView.swift */,
				CDF3E3142BB2368300FDA0D8 /* ListRowView.swift */,
				CDF3E3162BB23B4400FDA0D8 /* AddView.swift */,
				CDF3E31F2BB4D40100FDA0D8 /* NoItemView.swift */,
			);
			path = View;
			sourceTree = "<group>";
		};
		CDF3E3122BB2341D00FDA0D8 /* Model */ = {
			isa = PBXGroup;
			children = (
				CDF3E3182BB244EE00FDA0D8 /* DataModel.xcdatamodeld */,
			);
			path = Model;
			sourceTree = "<group>";
		};
		CDF3E3132BB2342D00FDA0D8 /* ViewModel */ = {
			isa = PBXGroup;
			children = (
				CDF3E31B2BB245B900FDA0D8 /* ListViewModel.swift */,
				CDF3E31D2BB245D500FDA0D8 /* DataManager.swift */,
			);
			path = ViewModel;
			sourceTree = "<group>";
		};
/* End PBXGroup section */

/* Begin PBXNativeTarget section */
		CDF3E2FF2BB232CD00FDA0D8 /* ToDoList-SwiftUI */ = {
			isa = PBXNativeTarget;
			buildConfigurationList = CDF3E30E2BB232CF00FDA0D8 /* Build configuration list for PBXNativeTarget "ToDoList-SwiftUI" */;
			buildPhases = (
				CDF3E2FC2BB232CD00FDA0D8 /* Sources */,
				CDF3E2FD2BB232CD00FDA0D8 /* Frameworks */,
				CDF3E2FE2BB232CD00FDA0D8 /* Resources */,
			);
			buildRules = (
			);
			dependencies = (
			);
			name = "ToDoList-SwiftUI";
			productName = "ToDoList-SwiftUI";
			productReference = CDF3E3002BB232CD00FDA0D8 /* ToDoList-SwiftUI.app */;
			productType = "com.apple.product-type.application";
		};
/* End PBXNativeTarget section */

/* Begin PBXProject section */
		CDF3E2F82BB232CD00FDA0D8 /* Project object */ = {
			isa = PBXProject;
			attributes = {
				BuildIndependentTargetsInParallel = 1;
				LastSwiftUpdateCheck = 1530;
				LastUpgradeCheck = 1530;
				TargetAttributes = {
					CDF3E2FF2BB232CD00FDA0D8 = {
						CreatedOnToolsVersion = 15.3;
					};
				};
			};
			buildConfigurationList = CDF3E2FB2BB232CD00FDA0D8 /* Build configuration list for PBXProject "ToDoList-SwiftUI" */;
			compatibilityVersion = "Xcode 14.0";
			developmentRegion = en;
			hasScannedForEncodings = 0;
			knownRegions = (
				en,
				Base,
			);
			mainGroup = CDF3E2F72BB232CD00FDA0D8;
			productRefGroup = CDF3E3012BB232CD00FDA0D8 /* Products */;
			projectDirPath = "";
			projectRoot = "";
			targets = (
				CDF3E2FF2BB232CD00FDA0D8 /* ToDoList-SwiftUI */,
			);
		};
/* End PBXProject section */

/* Begin PBXResourcesBuildPhase section */
		CDF3E2FE2BB232CD00FDA0D8 /* Resources */ = {
			isa = PBXResourcesBuildPhase;
			buildActionMask = 2147483647;
			files = (
				CDF3E30B2BB232CF00FDA0D8 /* Preview Assets.xcassets in Resources */,
				CDF3E3082BB232CF00FDA0D8 /* Assets.xcassets in Resources */,
			);
			runOnlyForDeploymentPostprocessing = 0;
		};
/* End PBXResourcesBuildPhase section */

/* Begin PBXSourcesBuildPhase section */
		CDF3E2FC2BB232CD00FDA0D8 /* Sources */ = {
			isa = PBXSourcesBuildPhase;
			buildActionMask = 2147483647;
			files = (
				CDF3E3172BB23B4400FDA0D8 /* AddView.swift in Sources */,
				CDF3E31A2BB244EE00FDA0D8 /* DataModel.xcdatamodeld in Sources */,
				CDF3E3202BB4D40100FDA0D8 /* NoItemView.swift in Sources */,
				CDF3E31C2BB245B900FDA0D8 /* ListViewModel.swift in Sources */,
				CDF3E31E2BB245D500FDA0D8 /* DataManager.swift in Sources */,
				CDF3E3062BB232CD00FDA0D8 /* ListView.swift in Sources */,
				CDF3E3042BB232CD00FDA0D8 /* ToDoList_SwiftUIApp.swift in Sources */,
				CDF3E3152BB2368300FDA0D8 /* ListRowView.swift in Sources */,
			);
			runOnlyForDeploymentPostprocessing = 0;
		};
/* End PBXSourcesBuildPhase section */

/* Begin XCBuildConfiguration section */
		CDF3E30C2BB232CF00FDA0D8 /* Debug */ = {
			isa = XCBuildConfiguration;
			buildSettings = {
				ALWAYS_SEARCH_USER_PATHS = NO;
				ASSETCATALOG_COMPILER_GENERATE_SWIFT_ASSET_SYMBOL_EXTENSIONS = YES;
				CLANG_ANALYZER_NONNULL = YES;
				CLANG_ANALYZER_NUMBER_OBJECT_CONVERSION = YES_AGGRESSIVE;
				CLANG_CXX_LANGUAGE_STANDARD = "gnu++20";
				CLANG_ENABLE_MODULES = YES;
				CLANG_ENABLE_OBJC_ARC = YES;
				CLANG_ENABLE_OBJC_WEAK = YES;
				CLANG_WARN_BLOCK_CAPTURE_AUTORELEASING = YES;
				CLANG_WARN_BOOL_CONVERSION = YES;
				CLANG_WARN_COMMA = YES;
				CLANG_WARN_CONSTANT_CONVERSION = YES;
				CLANG_WARN_DEPRECATED_OBJC_IMPLEMENTATIONS = YES;
				CLANG_WARN_DIRECT_OBJC_ISA_USAGE = YES_ERROR;
				CLANG_WARN_DOCUMENTATION_COMMENTS = YES;
				CLANG_WARN_EMPTY_BODY = YES;
				CLANG_WARN_ENUM_CONVERSION = YES;
				CLANG_WARN_INFINITE_RECURSION = YES;
				CLANG_WARN_INT_CONVERSION = YES;
				CLANG_WARN_NON_LITERAL_NULL_CONVERSION = YES;
				CLANG_WARN_OBJC_IMPLICIT_RETAIN_SELF = YES;
				CLANG_WARN_OBJC_LITERAL_CONVERSION = YES;
				CLANG_WARN_OBJC_ROOT_CLASS = YES_ERROR;
				CLANG_WARN_QUOTED_INCLUDE_IN_FRAMEWORK_HEADER = YES;
				CLANG_WARN_RANGE_LOOP_ANALYSIS = YES;
				CLANG_WARN_STRICT_PROTOTYPES = YES;
				CLANG_WARN_SUSPICIOUS_MOVE = YES;
				CLANG_WARN_UNGUARDED_AVAILABILITY = YES_AGGRESSIVE;
				CLANG_WARN_UNREACHABLE_CODE = YES;
				CLANG_WARN__DUPLICATE_METHOD_MATCH = YES;
				COPY_PHASE_STRIP = NO;
				DEBUG_INFORMATION_FORMAT = dwarf;
				ENABLE_STRICT_OBJC_MSGSEND = YES;
				ENABLE_TESTABILITY = YES;
				ENABLE_USER_SCRIPT_SANDBOXING = YES;
				GCC_C_LANGUAGE_STANDARD = gnu17;
				GCC_DYNAMIC_NO_PIC = NO;
				GCC_NO_COMMON_BLOCKS = YES;
				GCC_OPTIMIZATION_LEVEL = 0;
				GCC_PREPROCESSOR_DEFINITIONS = (
					"DEBUG=1",
					"$(inherited)",
				);
				GCC_WARN_64_TO_32_BIT_CONVERSION = YES;
				GCC_WARN_ABOUT_RETURN_TYPE = YES_ERROR;
				GCC_WARN_UNDECLARED_SELECTOR = YES;
				GCC_WARN_UNINITIALIZED_AUTOS = YES_AGGRESSIVE;
				GCC_WARN_UNUSED_FUNCTION = YES;
				GCC_WARN_UNUSED_VARIABLE = YES;
				IPHONEOS_DEPLOYMENT_TARGET = 17.4;
				LOCALIZATION_PREFERS_STRING_CATALOGS = YES;
				MTL_ENABLE_DEBUG_INFO = INCLUDE_SOURCE;
				MTL_FAST_MATH = YES;
				ONLY_ACTIVE_ARCH = YES;
				SDKROOT = iphoneos;
				SWIFT_ACTIVE_COMPILATION_CONDITIONS = "DEBUG $(inherited)";
				SWIFT_OPTIMIZATION_LEVEL = "-Onone";
			};
			name = Debug;
		};
		CDF3E30D2BB232CF00FDA0D8 /* Release */ = {
			isa = XCBuildConfiguration;
			buildSettings = {
				ALWAYS_SEARCH_USER_PATHS = NO;
				ASSETCATALOG_COMPILER_GENERATE_SWIFT_ASSET_SYMBOL_EXTENSIONS = YES;
				CLANG_ANALYZER_NONNULL = YES;
				CLANG_ANALYZER_NUMBER_OBJECT_CONVERSION = YES_AGGRESSIVE;
				CLANG_CXX_LANGUAGE_STANDARD = "gnu++20";
				CLANG_ENABLE_MODULES = YES;
				CLANG_ENABLE_OBJC_ARC = YES;
				CLANG_ENABLE_OBJC_WEAK = YES;
				CLANG_WARN_BLOCK_CAPTURE_AUTORELEASING = YES;
				CLANG_WARN_BOOL_CONVERSION = YES;
				CLANG_WARN_COMMA = YES;
				CLANG_WARN_CONSTANT_CONVERSION = YES;
				CLANG_WARN_DEPRECATED_OBJC_IMPLEMENTATIONS = YES;
				CLANG_WARN_DIRECT_OBJC_ISA_USAGE = YES_ERROR;
				CLANG_WARN_DOCUMENTATION_COMMENTS = YES;
				CLANG_WARN_EMPTY_BODY = YES;
				CLANG_WARN_ENUM_CONVERSION = YES;
				CLANG_WARN_INFINITE_RECURSION = YES;
				CLANG_WARN_INT_CONVERSION = YES;
				CLANG_WARN_NON_LITERAL_NULL_CONVERSION = YES;
				CLANG_WARN_OBJC_IMPLICIT_RETAIN_SELF = YES;
				CLANG_WARN_OBJC_LITERAL_CONVERSION = YES;
				CLANG_WARN_OBJC_ROOT_CLASS = YES_ERROR;
				CLANG_WARN_QUOTED_INCLUDE_IN_FRAMEWORK_HEADER = YES;
				CLANG_WARN_RANGE_LOOP_ANALYSIS = YES;
				CLANG_WARN_STRICT_PROTOTYPES = YES;
				CLANG_WARN_SUSPICIOUS_MOVE = YES;
				CLANG_WARN_UNGUARDED_AVAILABILITY = YES_AGGRESSIVE;
				CLANG_WARN_UNREACHABLE_CODE = YES;
				CLANG_WARN__DUPLICATE_METHOD_MATCH = YES;
				COPY_PHASE_STRIP = NO;
				DEBUG_INFORMATION_FORMAT = "dwarf-with-dsym";
				ENABLE_NS_ASSERTIONS = NO;
				ENABLE_STRICT_OBJC_MSGSEND = YES;
				ENABLE_USER_SCRIPT_SANDBOXING = YES;
				GCC_C_LANGUAGE_STANDARD = gnu17;
				GCC_NO_COMMON_BLOCKS = YES;
				GCC_WARN_64_TO_32_BIT_CONVERSION = YES;
				GCC_WARN_ABOUT_RETURN_TYPE = YES_ERROR;
				GCC_WARN_UNDECLARED_SELECTOR = YES;
				GCC_WARN_UNINITIALIZED_AUTOS = YES_AGGRESSIVE;
				GCC_WARN_UNUSED_FUNCTION = YES;
				GCC_WARN_UNUSED_VARIABLE = YES;
				IPHONEOS_DEPLOYMENT_TARGET = 17.4;
				LOCALIZATION_PREFERS_STRING_CATALOGS = YES;
				MTL_ENABLE_DEBUG_INFO = NO;
				MTL_FAST_MATH = YES;
				SDKROOT = iphoneos;
				SWIFT_COMPILATION_MODE = wholemodule;
				VALIDATE_PRODUCT = YES;
			};
			name = Release;
		};
		CDF3E30F2BB232CF00FDA0D8 /* Debug */ = {
			isa = XCBuildConfiguration;
			buildSettings = {
				ASSETCATALOG_COMPILER_APPICON_NAME = AppIcon;
				ASSETCATALOG_COMPILER_GLOBAL_ACCENT_COLOR_NAME = AccentColor;
				CODE_SIGN_STYLE = Automatic;
				CURRENT_PROJECT_VERSION = 1;
				DEVELOPMENT_ASSET_PATHS = "\"ToDoList-SwiftUI/Preview Content\"";
				ENABLE_PREVIEWS = YES;
				GENERATE_INFOPLIST_FILE = YES;
				INFOPLIST_KEY_UIApplicationSceneManifest_Generation = YES;
				INFOPLIST_KEY_UIApplicationSupportsIndirectInputEvents = YES;
				INFOPLIST_KEY_UILaunchScreen_Generation = YES;
				INFOPLIST_KEY_UISupportedInterfaceOrientations = UIInterfaceOrientationPortrait;
				LD_RUNPATH_SEARCH_PATHS = (
					"$(inherited)",
					"@executable_path/Frameworks",
				);
				MARKETING_VERSION = 1.0;
				PRODUCT_BUNDLE_IDENTIFIER = "com.iosDevMo.ToDoList-SwiftUI";
				PRODUCT_NAME = "$(TARGET_NAME)";
				SWIFT_EMIT_LOC_STRINGS = YES;
				SWIFT_VERSION = 5.0;
				TARGETED_DEVICE_FAMILY = "1,2";
			};
			name = Debug;
		};
		CDF3E3102BB232CF00FDA0D8 /* Release */ = {
			isa = XCBuildConfiguration;
			buildSettings = {
				ASSETCATALOG_COMPILER_APPICON_NAME = AppIcon;
				ASSETCATALOG_COMPILER_GLOBAL_ACCENT_COLOR_NAME = AccentColor;
				CODE_SIGN_STYLE = Automatic;
				CURRENT_PROJECT_VERSION = 1;
				DEVELOPMENT_ASSET_PATHS = "\"ToDoList-SwiftUI/Preview Content\"";
				ENABLE_PREVIEWS = YES;
				GENERATE_INFOPLIST_FILE = YES;
				INFOPLIST_KEY_UIApplicationSceneManifest_Generation = YES;
				INFOPLIST_KEY_UIApplicationSupportsIndirectInputEvents = YES;
				INFOPLIST_KEY_UILaunchScreen_Generation = YES;
				INFOPLIST_KEY_UISupportedInterfaceOrientations = UIInterfaceOrientationPortrait;
				LD_RUNPATH_SEARCH_PATHS = (
					"$(inherited)",
					"@executable_path/Frameworks",
				);
				MARKETING_VERSION = 1.0;
				PRODUCT_BUNDLE_IDENTIFIER = "com.iosDevMo.ToDoList-SwiftUI";
				PRODUCT_NAME = "$(TARGET_NAME)";
				SWIFT_EMIT_LOC_STRINGS = YES;
				SWIFT_VERSION = 5.0;
				TARGETED_DEVICE_FAMILY = "1,2";
			};
			name = Release;
		};
/* End XCBuildConfiguration section */

/* Begin XCConfigurationList section */
		CDF3E2FB2BB232CD00FDA0D8 /* Build configuration list for PBXProject "ToDoList-SwiftUI" */ = {
			isa = XCConfigurationList;
			buildConfigurations = (
				CDF3E30C2BB232CF00FDA0D8 /* Debug */,
				CDF3E30D2BB232CF00FDA0D8 /* Release */,
			);
			defaultConfigurationIsVisible = 0;
			defaultConfigurationName = Release;
		};
		CDF3E30E2BB232CF00FDA0D8 /* Build configuration list for PBXNativeTarget "ToDoList-SwiftUI" */ = {
			isa = XCConfigurationList;
			buildConfigurations = (
				CDF3E30F2BB232CF00FDA0D8 /* Debug */,
				CDF3E3102BB232CF00FDA0D8 /* Release */,
			);
			defaultConfigurationIsVisible = 0;
			defaultConfigurationName = Release;
		};
/* End XCConfigurationList section */

/* Begin XCVersionGroup section */
		CDF3E3182BB244EE00FDA0D8 /* DataModel.xcdatamodeld */ = {
			isa = XCVersionGroup;
			children = (
				CDF3E3192BB244EE00FDA0D8 /* DataModel.xcdatamodel */,
			);
			currentVersion = CDF3E3192BB244EE00FDA0D8 /* DataModel.xcdatamodel */;
			name = DataModel.xcdatamodeld;
			path = "/Users/mo/Desktop/apps/todolist-swiftui/ToDoList-SwiftUI/ToDoList-SwiftUI/Model/DataModel.xcdatamodeld";
			sourceTree = "<group>";
			versionGroupType = wrapper.xcdatamodel;
		};
/* End XCVersionGroup section */
	};
	rootObject = CDF3E2F82BB232CD00FDA0D8 /* Project object */;
}
